
Microsoft Visual Studio Solution File, Format Version 12.00
# Visual Studio 2013
VisualStudioVersion = 12.0.31101.0
MinimumVisualStudioVersion = 10.0.40219.1
Project("{FAE04EC0-301F-11D3-BF4B-00C04F79EFBC}") = "AzureSpeed.WebUI", "AzureSpeed.WebUI\AzureSpeed.WebUI.csproj", "{C60718D7-B11F-4D9E-9A3A-762C8E326559}"
EndProject
Project("{FAE04EC0-301F-11D3-BF4B-00C04F79EFBC}") = "AzureSpeed.Test", "AzureSpeed.Test\AzureSpeed.Test.csproj", "{EB721DE4-D49E-4D7E-BD4B-96C9D7736A92}"
EndProject
Project("{2150E333-8FDC-42A3-9474-1A3956D46DE8}") = ".nuget", ".nuget", "{FE3F24E8-D2A7-451A-9954-717BEE276D3C}"
	ProjectSection(SolutionItems) = preProject
		.nuget\NuGet.Config = .nuget\NuGet.Config
		.nuget\NuGet.exe = .nuget\NuGet.exe
		.nuget\NuGet.targets = .nuget\NuGet.targets
	EndProjectSection
EndProject
Project("{FAE04EC0-301F-11D3-BF4B-00C04F79EFBC}") = "AzureSpeed.AdminCommand", "AzureSpeed.AdminCommand\AzureSpeed.AdminCommand.csproj", "{FCF29E4E-9455-4CF6-A79B-35589B4A6559}"
EndProject
Global
	GlobalSection(SolutionConfigurationPlatforms) = preSolution
		Debug|Any CPU = Debug|Any CPU
		Release|Any CPU = Release|Any CPU
	EndGlobalSection
	GlobalSection(ProjectConfigurationPlatforms) = postSolution
		{C60718D7-B11F-4D9E-9A3A-762C8E326559}.Debug|Any CPU.ActiveCfg = Debug|Any CPU
		{C60718D7-B11F-4D9E-9A3A-762C8E326559}.Debug|Any CPU.Build.0 = Debug|Any CPU
		{C60718D7-B11F-4D9E-9A3A-762C8E326559}.Release|Any CPU.ActiveCfg = Release|Any CPU
		{C60718D7-B11F-4D9E-9A3A-762C8E326559}.Release|Any CPU.Build.0 = Release|Any CPU
		{EB721DE4-D49E-4D7E-BD4B-96C9D7736A92}.Debug|Any CPU.ActiveCfg = Debug|Any CPU
		{EB721DE4-D49E-4D7E-BD4B-96C9D7736A92}.Debug|Any CPU.Build.0 = Debug|Any CPU
		{EB721DE4-D49E-4D7E-BD4B-96C9D7736A92}.Release|Any CPU.ActiveCfg = Release|Any CPU
		{EB721DE4-D49E-4D7E-BD4B-96C9D7736A92}.Release|Any CPU.Build.0 = Release|Any CPU
		{FCF29E4E-9455-4CF6-A79B-35589B4A6559}.Debug|Any CPU.ActiveCfg = Debug|Any CPU
		{FCF29E4E-9455-4CF6-A79B-35589B4A6559}.Debug|Any CPU.Build.0 = Debug|Any CPU
		{FCF29E4E-9455-4CF6-A79B-35589B4A6559}.Release|Any CPU.ActiveCfg = Release|Any CPU
		{FCF29E4E-9455-4CF6-A79B-35589B4A6559}.Release|Any CPU.Build.0 = Release|Any CPU
	EndGlobalSection
	GlobalSection(SolutionProperties) = preSolution
		HideSolutionNode = FALSE
	EndGlobalSection
EndGlobal
