
Microsoft Visual Studio Solution File, Format Version 12.00
# Visual Studio Version 17
VisualStudioVersion = 17.1.32210.238
MinimumVisualStudioVersion = 10.0.40219.1
Project("{9A19103F-16F7-4668-BE54-9A1E7A4F7556}") = "AzureSpeed.WebApp", "AzureSpeed.WebApp\AzureSpeed.WebApp.csproj", "{841FEF07-AF17-413D-A055-E1E7C10B6813}"
EndProject
Project("{2150E333-8FDC-42A3-9474-1A3956D46DE8}") = ".Files", ".Files", "{1C41E9DB-9C86-4AB5-8BBD-332B37F97261}"
	ProjectSection(SolutionItems) = preProject
		..\.dockerignore = ..\.dockerignore
		..\Dockerfile = ..\Dockerfile
		..\README.md = ..\README.md
	EndProjectSection
EndProject
Global
	GlobalSection(SolutionConfigurationPlatforms) = preSolution
		Debug|Any CPU = Debug|Any CPU
		Release|Any CPU = Release|Any CPU
	EndGlobalSection
	GlobalSection(ProjectConfigurationPlatforms) = postSolution
		{841FEF07-AF17-413D-A055-E1E7C10B6813}.Debug|Any CPU.ActiveCfg = Debug|Any CPU
		{841FEF07-AF17-413D-A055-E1E7C10B6813}.Debug|Any CPU.Build.0 = Debug|Any CPU
		{841FEF07-AF17-413D-A055-E1E7C10B6813}.Release|Any CPU.ActiveCfg = Release|Any CPU
		{841FEF07-AF17-413D-A055-E1E7C10B6813}.Release|Any CPU.Build.0 = Release|Any CPU
	EndGlobalSection
	GlobalSection(SolutionProperties) = preSolution
		HideSolutionNode = FALSE
	EndGlobalSection
	GlobalSection(ExtensibilityGlobals) = postSolution
		SolutionGuid = {EAA7047C-2B34-4A2F-8301-A4A879365359}
	EndGlobalSection
EndGlobal
